
Microsoft Visual Studio Solution File, Format Version 12.00
# Visual Studio Version 17
VisualStudioVersion = 17.0.31903.59
MinimumVisualStudioVersion = 10.0.40219.1
Project("{2150E333-8FDC-42A3-9474-1A3956D46DE8}") = "src", "src", "{683EEB1B-B937-402B-B269-B3A964DA7B2B}"
EndProject
Project("{F2A71F9B-5D33-465A-A702-920D77279786}") = "Bloom.Filter", "src\Bloom.Filter\Bloom.Filter.fsproj", "{008AA000-5E21-4279-94B0-A20BB73B2B09}"
EndProject
Project("{F2A71F9B-5D33-465A-A702-920D77279786}") = "benchmarks", "src\benchmarks\benchmarks.fsproj", "{19894E07-1D89-4EED-8ADD-DEE45E9655DE}"
EndProject
Global
	GlobalSection(SolutionConfigurationPlatforms) = preSolution
		Debug|Any CPU = Debug|Any CPU
		Release|Any CPU = Release|Any CPU
	EndGlobalSection
	GlobalSection(SolutionProperties) = preSolution
		HideSolutionNode = FALSE
	EndGlobalSection
	GlobalSection(ProjectConfigurationPlatforms) = postSolution
		{008AA000-5E21-4279-94B0-A20BB73B2B09}.Debug|Any CPU.ActiveCfg = Debug|Any CPU
		{008AA000-5E21-4279-94B0-A20BB73B2B09}.Debug|Any CPU.Build.0 = Debug|Any CPU
		{008AA000-5E21-4279-94B0-A20BB73B2B09}.Release|Any CPU.ActiveCfg = Release|Any CPU
		{008AA000-5E21-4279-94B0-A20BB73B2B09}.Release|Any CPU.Build.0 = Release|Any CPU
		{19894E07-1D89-4EED-8ADD-DEE45E9655DE}.Debug|Any CPU.ActiveCfg = Debug|Any CPU
		{19894E07-1D89-4EED-8ADD-DEE45E9655DE}.Debug|Any CPU.Build.0 = Debug|Any CPU
		{19894E07-1D89-4EED-8ADD-DEE45E9655DE}.Release|Any CPU.ActiveCfg = Release|Any CPU
		{19894E07-1D89-4EED-8ADD-DEE45E9655DE}.Release|Any CPU.Build.0 = Release|Any CPU
	EndGlobalSection
	GlobalSection(NestedProjects) = preSolution
		{008AA000-5E21-4279-94B0-A20BB73B2B09} = {683EEB1B-B937-402B-B269-B3A964DA7B2B}
		{19894E07-1D89-4EED-8ADD-DEE45E9655DE} = {683EEB1B-B937-402B-B269-B3A964DA7B2B}
	EndGlobalSection
EndGlobal
